
Microsoft Visual Studio Solution File, Format Version 12.00
# Visual Studio Version 17
VisualStudioVersion = 17.7.34018.315
MinimumVisualStudioVersion = 10.0.40219.1
Project("{9A19103F-16F7-4668-BE54-9A1E7A4F7556}") = "FluxDonneeTP", "FluxDonneeTP\FluxDonneeTP.csproj", "{850EBB66-FC69-4388-8854-9DAB917E6AA1}"
EndProject
Project("{9A19103F-16F7-4668-BE54-9A1E7A4F7556}") = "Write", "Write\Write.csproj", "{2110245B-E905-4B69-B23B-B8983DF2EA2A}"
EndProject
Project("{9A19103F-16F7-4668-BE54-9A1E7A4F7556}") = "Read", "Read\Read.csproj", "{0ACB0A5D-954F-44DF-B939-F0446E3C0BAC}"
EndProject
Project("{9A19103F-16F7-4668-BE54-9A1E7A4F7556}") = "FluxDonneeTPDAL", "FluxDonneeTPDAL\FluxDonneeTPDAL.csproj", "{0FAB817A-600C-4769-829D-8C4675F004E8}"
EndProject
Project("{9A19103F-16F7-4668-BE54-9A1E7A4F7556}") = "FluxDonneeTPBOL", "FluxDonneeTPBOL\FluxDonneeTPBOL.csproj", "{2E639E42-650D-4774-9013-8444FD560B9C}"
EndProject
Project("{FAE04EC0-301F-11D3-BF4B-00C04F79EFBC}") = "ConsoleAsync", "ConsoleAsync\ConsoleAsync.csproj", "{E86D25CD-B01C-4DF3-9CE7-983816CCC9E6}"
EndProject
Global
	GlobalSection(SolutionConfigurationPlatforms) = preSolution
		Debug|Any CPU = Debug|Any CPU
		Release|Any CPU = Release|Any CPU
	EndGlobalSection
	GlobalSection(ProjectConfigurationPlatforms) = postSolution
		{850EBB66-FC69-4388-8854-9DAB917E6AA1}.Debug|Any CPU.ActiveCfg = Debug|Any CPU
		{850EBB66-FC69-4388-8854-9DAB917E6AA1}.Debug|Any CPU.Build.0 = Debug|Any CPU
		{850EBB66-FC69-4388-8854-9DAB917E6AA1}.Release|Any CPU.ActiveCfg = Release|Any CPU
		{850EBB66-FC69-4388-8854-9DAB917E6AA1}.Release|Any CPU.Build.0 = Release|Any CPU
		{2110245B-E905-4B69-B23B-B8983DF2EA2A}.Debug|Any CPU.ActiveCfg = Debug|Any CPU
		{2110245B-E905-4B69-B23B-B8983DF2EA2A}.Debug|Any CPU.Build.0 = Debug|Any CPU
		{2110245B-E905-4B69-B23B-B8983DF2EA2A}.Release|Any CPU.ActiveCfg = Release|Any CPU
		{2110245B-E905-4B69-B23B-B8983DF2EA2A}.Release|Any CPU.Build.0 = Release|Any CPU
		{0ACB0A5D-954F-44DF-B939-F0446E3C0BAC}.Debug|Any CPU.ActiveCfg = Debug|Any CPU
		{0ACB0A5D-954F-44DF-B939-F0446E3C0BAC}.Debug|Any CPU.Build.0 = Debug|Any CPU
		{0ACB0A5D-954F-44DF-B939-F0446E3C0BAC}.Release|Any CPU.ActiveCfg = Release|Any CPU
		{0ACB0A5D-954F-44DF-B939-F0446E3C0BAC}.Release|Any CPU.Build.0 = Release|Any CPU
		{0FAB817A-600C-4769-829D-8C4675F004E8}.Debug|Any CPU.ActiveCfg = Debug|Any CPU
		{0FAB817A-600C-4769-829D-8C4675F004E8}.Debug|Any CPU.Build.0 = Debug|Any CPU
		{0FAB817A-600C-4769-829D-8C4675F004E8}.Release|Any CPU.ActiveCfg = Release|Any CPU
		{0FAB817A-600C-4769-829D-8C4675F004E8}.Release|Any CPU.Build.0 = Release|Any CPU
		{2E639E42-650D-4774-9013-8444FD560B9C}.Debug|Any CPU.ActiveCfg = Debug|Any CPU
		{2E639E42-650D-4774-9013-8444FD560B9C}.Debug|Any CPU.Build.0 = Debug|Any CPU
		{2E639E42-650D-4774-9013-8444FD560B9C}.Release|Any CPU.ActiveCfg = Release|Any CPU
		{2E639E42-650D-4774-9013-8444FD560B9C}.Release|Any CPU.Build.0 = Release|Any CPU
		{E86D25CD-B01C-4DF3-9CE7-983816CCC9E6}.Debug|Any CPU.ActiveCfg = Debug|Any CPU
		{E86D25CD-B01C-4DF3-9CE7-983816CCC9E6}.Debug|Any CPU.Build.0 = Debug|Any CPU
		{E86D25CD-B01C-4DF3-9CE7-983816CCC9E6}.Release|Any CPU.ActiveCfg = Release|Any CPU
		{E86D25CD-B01C-4DF3-9CE7-983816CCC9E6}.Release|Any CPU.Build.0 = Release|Any CPU
	EndGlobalSection
	GlobalSection(SolutionProperties) = preSolution
		HideSolutionNode = FALSE
	EndGlobalSection
	GlobalSection(ExtensibilityGlobals) = postSolution
		SolutionGuid = {04585B7B-AA50-430E-93B1-19D4A14C6159}
	EndGlobalSection
EndGlobal
